
Microsoft Visual Studio Solution File, Format Version 12.00
# Visual Studio Version 17
VisualStudioVersion = 17.2.32630.192
MinimumVisualStudioVersion = 10.0.40219.1
Project("{9A19103F-16F7-4668-BE54-9A1E7A4F7556}") = "F10Y.L0027.Construction", "F10Y.L0027.Construction\F10Y.L0027.Construction.csproj", "{3B9D0C22-6A3C-43D5-81B7-79BBC2CCE3F2}"
EndProject
Project("{9A19103F-16F7-4668-BE54-9A1E7A4F7556}") = "F10Y.L0027", "F10Y.L0027\F10Y.L0027.csproj", "{0EC00B3D-716D-466F-AE2D-F9942D9D23A8}"
EndProject
Project("{2150E333-8FDC-42A3-9474-1A3956D46DE8}") = "_Dependencies", "_Dependencies", "{A4810A1C-F3A5-4590-88E1-9F8EC6256076}"
EndProject
Project("{9A19103F-16F7-4668-BE54-9A1E7A4F7556}") = "F10Y.T0000", "..\..\F10Y.T0000\source\F10Y.T0000\F10Y.T0000.csproj", "{E429F9C4-FE39-438A-B299-042EF93D2DD4}"
EndProject
Project("{9A19103F-16F7-4668-BE54-9A1E7A4F7556}") = "F10Y.T0001", "..\..\F10Y.T0001\source\F10Y.T0001\F10Y.T0001.csproj", "{98CAB1AE-F8E3-4DEA-BFA1-2D99AC430120}"
EndProject
Project("{9A19103F-16F7-4668-BE54-9A1E7A4F7556}") = "F10Y.T0003", "..\..\F10Y.T0003\source\F10Y.T0003\F10Y.T0003.csproj", "{2C846A27-A449-4929-AA50-8DBFAE4F86AA}"
EndProject
Project("{9A19103F-16F7-4668-BE54-9A1E7A4F7556}") = "F10Y.T0011", "..\..\F10Y.T0011\source\F10Y.T0011\F10Y.T0011.csproj", "{9B346F40-10C8-42F9-A214-6D56684FF949}"
EndProject
Project("{9A19103F-16F7-4668-BE54-9A1E7A4F7556}") = "F10Y.Y0000", "..\..\F10Y.Y0000\source\F10Y.Y0000\F10Y.Y0000.csproj", "{7C070A7E-7877-465A-B306-1909777E7BF3}"
EndProject
Project("{9A19103F-16F7-4668-BE54-9A1E7A4F7556}") = "F10Y.Z0011.Z001", "..\..\F10Y.Z0011\source\F10Y.Z0011.Z001\F10Y.Z0011.Z001.csproj", "{DDDA1740-7FA9-484C-8A30-F5B1E3E545C8}"
EndProject
Project("{9A19103F-16F7-4668-BE54-9A1E7A4F7556}") = "F10Y.L0000", "..\..\F10Y.L0000\source\F10Y.L0000\F10Y.L0000.csproj", "{EE59D8A1-F899-4531-ACA7-55DFA0A7FA16}"
EndProject
Project("{9A19103F-16F7-4668-BE54-9A1E7A4F7556}") = "F10Y.T0002", "..\..\F10Y.T0002\source\F10Y.T0002\F10Y.T0002.csproj", "{C6D44901-093B-4C62-937B-4220BFA205E0}"
EndProject
Project("{9A19103F-16F7-4668-BE54-9A1E7A4F7556}") = "F10Y.L0027.L000", "F10Y.L0027.L000\F10Y.L0027.L000.csproj", "{0D2EF989-0537-463F-9D54-2D2120AC94D7}"
EndProject
Project("{9A19103F-16F7-4668-BE54-9A1E7A4F7556}") = "F10Y.L0027.Q000", "F10Y.L0027.Q000\F10Y.L0027.Q000.csproj", "{6DF42A2B-B06A-4841-833B-916838D90255}"
EndProject
Project("{9A19103F-16F7-4668-BE54-9A1E7A4F7556}") = "F10Y.T0006", "..\..\F10Y.T0006\source\F10Y.T0006\F10Y.T0006.csproj", "{37054F2F-0C41-4F30-BDED-98123161A6D1}"
EndProject
Project("{9A19103F-16F7-4668-BE54-9A1E7A4F7556}") = "F10Y.L0001.L000", "..\..\F10Y.L0001\source\F10Y.L0001.L000\F10Y.L0001.L000.csproj", "{1D46B289-505F-43A6-8B8D-D1F3789BF165}"
EndProject
Project("{9A19103F-16F7-4668-BE54-9A1E7A4F7556}") = "F10Y.L0001.L001", "..\..\F10Y.L0001\source\F10Y.L0001.L001\F10Y.L0001.L001.csproj", "{BEBD2572-CC07-4461-AC7B-E474C964FD41}"
EndProject
Project("{9A19103F-16F7-4668-BE54-9A1E7A4F7556}") = "F10Y.L0001.L002", "..\..\F10Y.L0001\source\F10Y.L0001.L002\F10Y.L0001.L002.csproj", "{E68620EF-6B4A-48AB-AF2F-A87D050E303D}"
EndProject
Project("{9A19103F-16F7-4668-BE54-9A1E7A4F7556}") = "F10Y.L0001.T000", "..\..\F10Y.L0001\source\F10Y.L0001.T000\F10Y.L0001.T000.csproj", "{A4B47C74-19B4-42D9-B149-FB3C4B1E5442}"
EndProject
Project("{9A19103F-16F7-4668-BE54-9A1E7A4F7556}") = "F10Y.L0001.X000", "..\..\F10Y.L0001\source\F10Y.L0001.X000\F10Y.L0001.X000.csproj", "{A6F48973-DE82-4148-938D-607B8D233382}"
EndProject
Project("{9A19103F-16F7-4668-BE54-9A1E7A4F7556}") = "F10Y.L0001.Z000", "..\..\F10Y.L0001\source\F10Y.L0001.Z000\F10Y.L0001.Z000.csproj", "{69DB14F0-8BC1-4AC2-810E-098C83289BA9}"
EndProject
Project("{9A19103F-16F7-4668-BE54-9A1E7A4F7556}") = "F10Y.L0001", "..\..\F10Y.L0001\source\F10Y.L0001\F10Y.L0001.csproj", "{16F45060-11B7-4FB9-9CBD-900FF5633BEF}"
EndProject
Project("{9A19103F-16F7-4668-BE54-9A1E7A4F7556}") = "F10Y.L0004.L000", "..\..\F10Y.L0004\source\F10Y.L0004.L000\F10Y.L0004.L000.csproj", "{C8027853-8147-4B59-AFE0-D5096DCB3631}"
EndProject
Project("{9A19103F-16F7-4668-BE54-9A1E7A4F7556}") = "F10Y.T0004", "..\..\F10Y.T0004\source\F10Y.T0004\F10Y.T0004.csproj", "{DA8EEE95-04AB-4956-AC98-3FA09985138C}"
EndProject
Project("{9A19103F-16F7-4668-BE54-9A1E7A4F7556}") = "F10Y.L0019", "..\..\F10Y.L0019\source\F10Y.L0019\F10Y.L0019.csproj", "{EC65A9D5-F5A1-49B8-B64F-221358FA99FF}"
EndProject
Project("{9A19103F-16F7-4668-BE54-9A1E7A4F7556}") = "F10Y.L0027.V000", "F10Y.L0027.V000\F10Y.L0027.V000.csproj", "{38B57E59-8727-4F03-8722-8626AF1EA055}"
EndProject
Project("{9A19103F-16F7-4668-BE54-9A1E7A4F7556}") = "F10Y.T0010", "..\..\F10Y.T0010\source\F10Y.T0010\F10Y.T0010.csproj", "{4CD8EEA5-EC03-4C58-A1E1-EB9B532B97DF}"
EndProject
Project("{9A19103F-16F7-4668-BE54-9A1E7A4F7556}") = "F10Y.T0013", "..\..\F10Y.T0013\source\F10Y.T0013\F10Y.T0013.csproj", "{920BDB0A-941C-4039-B5B5-C149ADC0DAC6}"
EndProject
Project("{9A19103F-16F7-4668-BE54-9A1E7A4F7556}") = "F10Y.L0027.V000.L000", "F10Y.L0027.V000.L000\F10Y.L0027.V000.L000.csproj", "{E1ABA80C-EB26-4DB9-A55B-B677C4C8E2CF}"
EndProject
Project("{9A19103F-16F7-4668-BE54-9A1E7A4F7556}") = "F10Y.NG0001", "..\..\F10Y.NG0001\source\F10Y.NG0001\F10Y.NG0001.csproj", "{8854C14D-189E-4A59-A506-325993EE1799}"
EndProject
Project("{9A19103F-16F7-4668-BE54-9A1E7A4F7556}") = "F10Y.T0005", "..\..\F10Y.T0005\source\F10Y.T0005\F10Y.T0005.csproj", "{A9498EBF-A4CF-473D-B7B2-9A9846827E76}"
EndProject
Project("{9A19103F-16F7-4668-BE54-9A1E7A4F7556}") = "F10Y.L0001.L003", "..\..\F10Y.L0001\source\F10Y.L0001.L003\F10Y.L0001.L003.csproj", "{329F3588-0B1B-42BB-99FB-FE07704A223F}"
EndProject
Global
	GlobalSection(NestedProjects) = preSolution
		{E429F9C4-FE39-438A-B299-042EF93D2DD4} = {A4810A1C-F3A5-4590-88E1-9F8EC6256076}
		{98CAB1AE-F8E3-4DEA-BFA1-2D99AC430120} = {A4810A1C-F3A5-4590-88E1-9F8EC6256076}
		{2C846A27-A449-4929-AA50-8DBFAE4F86AA} = {A4810A1C-F3A5-4590-88E1-9F8EC6256076}
		{9B346F40-10C8-42F9-A214-6D56684FF949} = {A4810A1C-F3A5-4590-88E1-9F8EC6256076}
		{7C070A7E-7877-465A-B306-1909777E7BF3} = {A4810A1C-F3A5-4590-88E1-9F8EC6256076}
		{DDDA1740-7FA9-484C-8A30-F5B1E3E545C8} = {A4810A1C-F3A5-4590-88E1-9F8EC6256076}
		{EE59D8A1-F899-4531-ACA7-55DFA0A7FA16} = {A4810A1C-F3A5-4590-88E1-9F8EC6256076}
		{C6D44901-093B-4C62-937B-4220BFA205E0} = {A4810A1C-F3A5-4590-88E1-9F8EC6256076}
		{37054F2F-0C41-4F30-BDED-98123161A6D1} = {A4810A1C-F3A5-4590-88E1-9F8EC6256076}
		{1D46B289-505F-43A6-8B8D-D1F3789BF165} = {A4810A1C-F3A5-4590-88E1-9F8EC6256076}
		{BEBD2572-CC07-4461-AC7B-E474C964FD41} = {A4810A1C-F3A5-4590-88E1-9F8EC6256076}
		{E68620EF-6B4A-48AB-AF2F-A87D050E303D} = {A4810A1C-F3A5-4590-88E1-9F8EC6256076}
		{A4B47C74-19B4-42D9-B149-FB3C4B1E5442} = {A4810A1C-F3A5-4590-88E1-9F8EC6256076}
		{A6F48973-DE82-4148-938D-607B8D233382} = {A4810A1C-F3A5-4590-88E1-9F8EC6256076}
		{69DB14F0-8BC1-4AC2-810E-098C83289BA9} = {A4810A1C-F3A5-4590-88E1-9F8EC6256076}
		{16F45060-11B7-4FB9-9CBD-900FF5633BEF} = {A4810A1C-F3A5-4590-88E1-9F8EC6256076}
		{C8027853-8147-4B59-AFE0-D5096DCB3631} = {A4810A1C-F3A5-4590-88E1-9F8EC6256076}
		{DA8EEE95-04AB-4956-AC98-3FA09985138C} = {A4810A1C-F3A5-4590-88E1-9F8EC6256076}
		{EC65A9D5-F5A1-49B8-B64F-221358FA99FF} = {A4810A1C-F3A5-4590-88E1-9F8EC6256076}
		{4CD8EEA5-EC03-4C58-A1E1-EB9B532B97DF} = {A4810A1C-F3A5-4590-88E1-9F8EC6256076}
		{920BDB0A-941C-4039-B5B5-C149ADC0DAC6} = {A4810A1C-F3A5-4590-88E1-9F8EC6256076}
		{8854C14D-189E-4A59-A506-325993EE1799} = {A4810A1C-F3A5-4590-88E1-9F8EC6256076}
		{A9498EBF-A4CF-473D-B7B2-9A9846827E76} = {A4810A1C-F3A5-4590-88E1-9F8EC6256076}
		{329F3588-0B1B-42BB-99FB-FE07704A223F} = {A4810A1C-F3A5-4590-88E1-9F8EC6256076}
	EndGlobalSection
	GlobalSection(SolutionConfigurationPlatforms) = preSolution
		Debug|Any CPU = Debug|Any CPU
		Release|Any CPU = Release|Any CPU
	EndGlobalSection
	GlobalSection(ProjectConfigurationPlatforms) = postSolution
		{3B9D0C22-6A3C-43D5-81B7-79BBC2CCE3F2}.Debug|Any CPU.ActiveCfg = Debug|Any CPU
		{3B9D0C22-6A3C-43D5-81B7-79BBC2CCE3F2}.Debug|Any CPU.Build.0 = Debug|Any CPU
		{3B9D0C22-6A3C-43D5-81B7-79BBC2CCE3F2}.Release|Any CPU.ActiveCfg = Release|Any CPU
		{3B9D0C22-6A3C-43D5-81B7-79BBC2CCE3F2}.Release|Any CPU.Build.0 = Release|Any CPU
		{0EC00B3D-716D-466F-AE2D-F9942D9D23A8}.Debug|Any CPU.ActiveCfg = Debug|Any CPU
		{0EC00B3D-716D-466F-AE2D-F9942D9D23A8}.Debug|Any CPU.Build.0 = Debug|Any CPU
		{0EC00B3D-716D-466F-AE2D-F9942D9D23A8}.Release|Any CPU.ActiveCfg = Release|Any CPU
		{0EC00B3D-716D-466F-AE2D-F9942D9D23A8}.Release|Any CPU.Build.0 = Release|Any CPU
		{E429F9C4-FE39-438A-B299-042EF93D2DD4}.Debug|Any CPU.ActiveCfg = Debug|Any CPU
		{E429F9C4-FE39-438A-B299-042EF93D2DD4}.Debug|Any CPU.Build.0 = Debug|Any CPU
		{E429F9C4-FE39-438A-B299-042EF93D2DD4}.Release|Any CPU.ActiveCfg = Release|Any CPU
		{E429F9C4-FE39-438A-B299-042EF93D2DD4}.Release|Any CPU.Build.0 = Release|Any CPU
		{98CAB1AE-F8E3-4DEA-BFA1-2D99AC430120}.Debug|Any CPU.ActiveCfg = Debug|Any CPU
		{98CAB1AE-F8E3-4DEA-BFA1-2D99AC430120}.Debug|Any CPU.Build.0 = Debug|Any CPU
		{98CAB1AE-F8E3-4DEA-BFA1-2D99AC430120}.Release|Any CPU.ActiveCfg = Release|Any CPU
		{98CAB1AE-F8E3-4DEA-BFA1-2D99AC430120}.Release|Any CPU.Build.0 = Release|Any CPU
		{2C846A27-A449-4929-AA50-8DBFAE4F86AA}.Debug|Any CPU.ActiveCfg = Debug|Any CPU
		{2C846A27-A449-4929-AA50-8DBFAE4F86AA}.Debug|Any CPU.Build.0 = Debug|Any CPU
		{2C846A27-A449-4929-AA50-8DBFAE4F86AA}.Release|Any CPU.ActiveCfg = Release|Any CPU
		{2C846A27-A449-4929-AA50-8DBFAE4F86AA}.Release|Any CPU.Build.0 = Release|Any CPU
		{9B346F40-10C8-42F9-A214-6D56684FF949}.Debug|Any CPU.ActiveCfg = Debug|Any CPU
		{9B346F40-10C8-42F9-A214-6D56684FF949}.Debug|Any CPU.Build.0 = Debug|Any CPU
		{9B346F40-10C8-42F9-A214-6D56684FF949}.Release|Any CPU.ActiveCfg = Release|Any CPU
		{9B346F40-10C8-42F9-A214-6D56684FF949}.Release|Any CPU.Build.0 = Release|Any CPU
		{7C070A7E-7877-465A-B306-1909777E7BF3}.Debug|Any CPU.ActiveCfg = Debug|Any CPU
		{7C070A7E-7877-465A-B306-1909777E7BF3}.Debug|Any CPU.Build.0 = Debug|Any CPU
		{7C070A7E-7877-465A-B306-1909777E7BF3}.Release|Any CPU.ActiveCfg = Release|Any CPU
		{7C070A7E-7877-465A-B306-1909777E7BF3}.Release|Any CPU.Build.0 = Release|Any CPU
		{DDDA1740-7FA9-484C-8A30-F5B1E3E545C8}.Debug|Any CPU.ActiveCfg = Debug|Any CPU
		{DDDA1740-7FA9-484C-8A30-F5B1E3E545C8}.Debug|Any CPU.Build.0 = Debug|Any CPU
		{DDDA1740-7FA9-484C-8A30-F5B1E3E545C8}.Release|Any CPU.ActiveCfg = Release|Any CPU
		{DDDA1740-7FA9-484C-8A30-F5B1E3E545C8}.Release|Any CPU.Build.0 = Release|Any CPU
		{EE59D8A1-F899-4531-ACA7-55DFA0A7FA16}.Debug|Any CPU.ActiveCfg = Debug|Any CPU
		{EE59D8A1-F899-4531-ACA7-55DFA0A7FA16}.Debug|Any CPU.Build.0 = Debug|Any CPU
		{EE59D8A1-F899-4531-ACA7-55DFA0A7FA16}.Release|Any CPU.ActiveCfg = Release|Any CPU
		{EE59D8A1-F899-4531-ACA7-55DFA0A7FA16}.Release|Any CPU.Build.0 = Release|Any CPU
		{C6D44901-093B-4C62-937B-4220BFA205E0}.Debug|Any CPU.ActiveCfg = Debug|Any CPU
		{C6D44901-093B-4C62-937B-4220BFA205E0}.Debug|Any CPU.Build.0 = Debug|Any CPU
		{C6D44901-093B-4C62-937B-4220BFA205E0}.Release|Any CPU.ActiveCfg = Release|Any CPU
		{C6D44901-093B-4C62-937B-4220BFA205E0}.Release|Any CPU.Build.0 = Release|Any CPU
		{0D2EF989-0537-463F-9D54-2D2120AC94D7}.Debug|Any CPU.ActiveCfg = Debug|Any CPU
		{0D2EF989-0537-463F-9D54-2D2120AC94D7}.Debug|Any CPU.Build.0 = Debug|Any CPU
		{0D2EF989-0537-463F-9D54-2D2120AC94D7}.Release|Any CPU.ActiveCfg = Release|Any CPU
		{0D2EF989-0537-463F-9D54-2D2120AC94D7}.Release|Any CPU.Build.0 = Release|Any CPU
		{6DF42A2B-B06A-4841-833B-916838D90255}.Debug|Any CPU.ActiveCfg = Debug|Any CPU
		{6DF42A2B-B06A-4841-833B-916838D90255}.Debug|Any CPU.Build.0 = Debug|Any CPU
		{6DF42A2B-B06A-4841-833B-916838D90255}.Release|Any CPU.ActiveCfg = Release|Any CPU
		{6DF42A2B-B06A-4841-833B-916838D90255}.Release|Any CPU.Build.0 = Release|Any CPU
		{37054F2F-0C41-4F30-BDED-98123161A6D1}.Debug|Any CPU.ActiveCfg = Debug|Any CPU
		{37054F2F-0C41-4F30-BDED-98123161A6D1}.Debug|Any CPU.Build.0 = Debug|Any CPU
		{37054F2F-0C41-4F30-BDED-98123161A6D1}.Release|Any CPU.ActiveCfg = Release|Any CPU
		{37054F2F-0C41-4F30-BDED-98123161A6D1}.Release|Any CPU.Build.0 = Release|Any CPU
		{1D46B289-505F-43A6-8B8D-D1F3789BF165}.Debug|Any CPU.ActiveCfg = Debug|Any CPU
		{1D46B289-505F-43A6-8B8D-D1F3789BF165}.Debug|Any CPU.Build.0 = Debug|Any CPU
		{1D46B289-505F-43A6-8B8D-D1F3789BF165}.Release|Any CPU.ActiveCfg = Release|Any CPU
		{1D46B289-505F-43A6-8B8D-D1F3789BF165}.Release|Any CPU.Build.0 = Release|Any CPU
		{BEBD2572-CC07-4461-AC7B-E474C964FD41}.Debug|Any CPU.ActiveCfg = Debug|Any CPU
		{BEBD2572-CC07-4461-AC7B-E474C964FD41}.Debug|Any CPU.Build.0 = Debug|Any CPU
		{BEBD2572-CC07-4461-AC7B-E474C964FD41}.Release|Any CPU.ActiveCfg = Release|Any CPU
		{BEBD2572-CC07-4461-AC7B-E474C964FD41}.Release|Any CPU.Build.0 = Release|Any CPU
		{E68620EF-6B4A-48AB-AF2F-A87D050E303D}.Debug|Any CPU.ActiveCfg = Debug|Any CPU
		{E68620EF-6B4A-48AB-AF2F-A87D050E303D}.Debug|Any CPU.Build.0 = Debug|Any CPU
		{E68620EF-6B4A-48AB-AF2F-A87D050E303D}.Release|Any CPU.ActiveCfg = Release|Any CPU
		{E68620EF-6B4A-48AB-AF2F-A87D050E303D}.Release|Any CPU.Build.0 = Release|Any CPU
		{A4B47C74-19B4-42D9-B149-FB3C4B1E5442}.Debug|Any CPU.ActiveCfg = Debug|Any CPU
		{A4B47C74-19B4-42D9-B149-FB3C4B1E5442}.Debug|Any CPU.Build.0 = Debug|Any CPU
		{A4B47C74-19B4-42D9-B149-FB3C4B1E5442}.Release|Any CPU.ActiveCfg = Release|Any CPU
		{A4B47C74-19B4-42D9-B149-FB3C4B1E5442}.Release|Any CPU.Build.0 = Release|Any CPU
		{A6F48973-DE82-4148-938D-607B8D233382}.Debug|Any CPU.ActiveCfg = Debug|Any CPU
		{A6F48973-DE82-4148-938D-607B8D233382}.Debug|Any CPU.Build.0 = Debug|Any CPU
		{A6F48973-DE82-4148-938D-607B8D233382}.Release|Any CPU.ActiveCfg = Release|Any CPU
		{A6F48973-DE82-4148-938D-607B8D233382}.Release|Any CPU.Build.0 = Release|Any CPU
		{69DB14F0-8BC1-4AC2-810E-098C83289BA9}.Debug|Any CPU.ActiveCfg = Debug|Any CPU
		{69DB14F0-8BC1-4AC2-810E-098C83289BA9}.Debug|Any CPU.Build.0 = Debug|Any CPU
		{69DB14F0-8BC1-4AC2-810E-098C83289BA9}.Release|Any CPU.ActiveCfg = Release|Any CPU
		{69DB14F0-8BC1-4AC2-810E-098C83289BA9}.Release|Any CPU.Build.0 = Release|Any CPU
		{16F45060-11B7-4FB9-9CBD-900FF5633BEF}.Debug|Any CPU.ActiveCfg = Debug|Any CPU
		{16F45060-11B7-4FB9-9CBD-900FF5633BEF}.Debug|Any CPU.Build.0 = Debug|Any CPU
		{16F45060-11B7-4FB9-9CBD-900FF5633BEF}.Release|Any CPU.ActiveCfg = Release|Any CPU
		{16F45060-11B7-4FB9-9CBD-900FF5633BEF}.Release|Any CPU.Build.0 = Release|Any CPU
		{C8027853-8147-4B59-AFE0-D5096DCB3631}.Debug|Any CPU.ActiveCfg = Debug|Any CPU
		{C8027853-8147-4B59-AFE0-D5096DCB3631}.Debug|Any CPU.Build.0 = Debug|Any CPU
		{C8027853-8147-4B59-AFE0-D5096DCB3631}.Release|Any CPU.ActiveCfg = Release|Any CPU
		{C8027853-8147-4B59-AFE0-D5096DCB3631}.Release|Any CPU.Build.0 = Release|Any CPU
		{DA8EEE95-04AB-4956-AC98-3FA09985138C}.Debug|Any CPU.ActiveCfg = Debug|Any CPU
		{DA8EEE95-04AB-4956-AC98-3FA09985138C}.Debug|Any CPU.Build.0 = Debug|Any CPU
		{DA8EEE95-04AB-4956-AC98-3FA09985138C}.Release|Any CPU.ActiveCfg = Release|Any CPU
		{DA8EEE95-04AB-4956-AC98-3FA09985138C}.Release|Any CPU.Build.0 = Release|Any CPU
		{EC65A9D5-F5A1-49B8-B64F-221358FA99FF}.Debug|Any CPU.ActiveCfg = Debug|Any CPU
		{EC65A9D5-F5A1-49B8-B64F-221358FA99FF}.Debug|Any CPU.Build.0 = Debug|Any CPU
		{EC65A9D5-F5A1-49B8-B64F-221358FA99FF}.Release|Any CPU.ActiveCfg = Release|Any CPU
		{EC65A9D5-F5A1-49B8-B64F-221358FA99FF}.Release|Any CPU.Build.0 = Release|Any CPU
		{38B57E59-8727-4F03-8722-8626AF1EA055}.Debug|Any CPU.ActiveCfg = Debug|Any CPU
		{38B57E59-8727-4F03-8722-8626AF1EA055}.Debug|Any CPU.Build.0 = Debug|Any CPU
		{38B57E59-8727-4F03-8722-8626AF1EA055}.Release|Any CPU.ActiveCfg = Release|Any CPU
		{38B57E59-8727-4F03-8722-8626AF1EA055}.Release|Any CPU.Build.0 = Release|Any CPU
		{4CD8EEA5-EC03-4C58-A1E1-EB9B532B97DF}.Debug|Any CPU.ActiveCfg = Debug|Any CPU
		{4CD8EEA5-EC03-4C58-A1E1-EB9B532B97DF}.Debug|Any CPU.Build.0 = Debug|Any CPU
		{4CD8EEA5-EC03-4C58-A1E1-EB9B532B97DF}.Release|Any CPU.ActiveCfg = Release|Any CPU
		{4CD8EEA5-EC03-4C58-A1E1-EB9B532B97DF}.Release|Any CPU.Build.0 = Release|Any CPU
		{920BDB0A-941C-4039-B5B5-C149ADC0DAC6}.Debug|Any CPU.ActiveCfg = Debug|Any CPU
		{920BDB0A-941C-4039-B5B5-C149ADC0DAC6}.Debug|Any CPU.Build.0 = Debug|Any CPU
		{920BDB0A-941C-4039-B5B5-C149ADC0DAC6}.Release|Any CPU.ActiveCfg = Release|Any CPU
		{920BDB0A-941C-4039-B5B5-C149ADC0DAC6}.Release|Any CPU.Build.0 = Release|Any CPU
		{E1ABA80C-EB26-4DB9-A55B-B677C4C8E2CF}.Debug|Any CPU.ActiveCfg = Debug|Any CPU
		{E1ABA80C-EB26-4DB9-A55B-B677C4C8E2CF}.Debug|Any CPU.Build.0 = Debug|Any CPU
		{E1ABA80C-EB26-4DB9-A55B-B677C4C8E2CF}.Release|Any CPU.ActiveCfg = Release|Any CPU
		{E1ABA80C-EB26-4DB9-A55B-B677C4C8E2CF}.Release|Any CPU.Build.0 = Release|Any CPU
		{8854C14D-189E-4A59-A506-325993EE1799}.Debug|Any CPU.ActiveCfg = Debug|Any CPU
		{8854C14D-189E-4A59-A506-325993EE1799}.Debug|Any CPU.Build.0 = Debug|Any CPU
		{8854C14D-189E-4A59-A506-325993EE1799}.Release|Any CPU.ActiveCfg = Release|Any CPU
		{8854C14D-189E-4A59-A506-325993EE1799}.Release|Any CPU.Build.0 = Release|Any CPU
		{A9498EBF-A4CF-473D-B7B2-9A9846827E76}.Debug|Any CPU.ActiveCfg = Debug|Any CPU
		{A9498EBF-A4CF-473D-B7B2-9A9846827E76}.Debug|Any CPU.Build.0 = Debug|Any CPU
		{A9498EBF-A4CF-473D-B7B2-9A9846827E76}.Release|Any CPU.ActiveCfg = Release|Any CPU
		{A9498EBF-A4CF-473D-B7B2-9A9846827E76}.Release|Any CPU.Build.0 = Release|Any CPU
		{329F3588-0B1B-42BB-99FB-FE07704A223F}.Debug|Any CPU.ActiveCfg = Debug|Any CPU
		{329F3588-0B1B-42BB-99FB-FE07704A223F}.Debug|Any CPU.Build.0 = Debug|Any CPU
		{329F3588-0B1B-42BB-99FB-FE07704A223F}.Release|Any CPU.ActiveCfg = Release|Any CPU
		{329F3588-0B1B-42BB-99FB-FE07704A223F}.Release|Any CPU.Build.0 = Release|Any CPU
	EndGlobalSection
	GlobalSection(SolutionProperties) = preSolution
		HideSolutionNode = FALSE
	EndGlobalSection
	GlobalSection(ExtensibilityGlobals) = postSolution
		SolutionGuid = {6552C895-5B2D-4D7D-BA6B-1AF4C497F7D5}
	EndGlobalSection
EndGlobal
